
Microsoft Visual Studio Solution File, Format Version 12.00
# Visual Studio 15
VisualStudioVersion = 15.0.27130.2024
MinimumVisualStudioVersion = 10.0.40219.1
Project("{FAE04EC0-301F-11D3-BF4B-00C04F79EFBC}") = "AKresume", "AKresume\AKresume.csproj", "{5CCB8F39-EBCD-48F6-965B-BE5DA4AE67FA}"
EndProject
Global
	GlobalSection(SolutionConfigurationPlatforms) = preSolution
		Debug|Any CPU = Debug|Any CPU
		Release|Any CPU = Release|Any CPU
	EndGlobalSection
	GlobalSection(ProjectConfigurationPlatforms) = postSolution
		{5CCB8F39-EBCD-48F6-965B-BE5DA4AE67FA}.Debug|Any CPU.ActiveCfg = Debug|Any CPU
		{5CCB8F39-EBCD-48F6-965B-BE5DA4AE67FA}.Debug|Any CPU.Build.0 = Debug|Any CPU
		{5CCB8F39-EBCD-48F6-965B-BE5DA4AE67FA}.Release|Any CPU.ActiveCfg = Release|Any CPU
		{5CCB8F39-EBCD-48F6-965B-BE5DA4AE67FA}.Release|Any CPU.Build.0 = Release|Any CPU
	EndGlobalSection
	GlobalSection(SolutionProperties) = preSolution
		HideSolutionNode = FALSE
	EndGlobalSection
	GlobalSection(ExtensibilityGlobals) = postSolution
		SolutionGuid = {339C7074-3430-4D8E-AE78-FE511F5AF542}
	EndGlobalSection
EndGlobal
